
Microsoft Visual Studio Solution File, Format Version 11.00
# Visual Studio 2010
Project("{FAE04EC0-301F-11D3-BF4B-00C04F79EFBC}") = "GameBoyAsm", "GameBoyAsm.csproj", "{33fb3624-4d17-a89c-feeb-48be1bf796e0}"
EndProject
Project("{FAE04EC0-301F-11D3-BF4B-00C04F79EFBC}") = "Tests", "Tests.csproj", "{4096308f-a6f1-3305-fa7a-17e455336975}"
EndProject
Global
	GlobalSection(SolutionConfigurationPlatforms) = preSolution
		Debug|Any CPU = Debug|Any CPU
	EndGlobalSection
	GlobalSection(ProjectConfigurationPlatforms) = postSolution
		{33fb3624-4d17-a89c-feeb-48be1bf796e0}.Debug|Any CPU.ActiveCfg = Debug|Any CPU
		{33fb3624-4d17-a89c-feeb-48be1bf796e0}.Debug|Any CPU.Build.0 = Debug|Any CPU
		{4096308f-a6f1-3305-fa7a-17e455336975}.Debug|Any CPU.ActiveCfg = Debug|Any CPU
		{4096308f-a6f1-3305-fa7a-17e455336975}.Debug|Any CPU.Build.0 = Debug|Any CPU
	EndGlobalSection
	GlobalSection(SolutionProperties) = preSolution
		HideSolutionNode = FALSE
	EndGlobalSection
EndGlobal
